{
  "object": {
    "pins": [
      {
        "package": "swift-argument-parser",
        "repositoryURL": "https://github.com/thecb4/swift-argument-parser.git",
        "state": {
          "branch": "master",
          "revision": "1531c15fc04120902f625f963c232f3d68fa681c",
          "version": null
        }
      }
    ]
  },
  "version": 1
}
