{
  "object": {
    "pins": [
      {
        "package": "llbuild",
        "repositoryURL": "https://github.com/apple/swift-llbuild.git",
        "state": {
          "branch": "master",
          "revision": "0a778ca0c51025ffec95de881e59eb35c92f9944",
          "version": null
        }
      },
      {
        "package": "SwiftPM",
        "repositoryURL": "https://github.com/thecb4/swift-package-manager.git",
        "state": {
          "branch": "master",
          "revision": "a35e303cc9449d5b238cb3de2f181aebc830a282",
          "version": null
        }
      }
    ]
  },
  "version": 1
}
